
Microsoft Visual Studio Solution File, Format Version 12.00
# Visual Studio Version 17
VisualStudioVersion = 17.5.002.0
MinimumVisualStudioVersion = 10.0.40219.1
Project("{9A19103F-16F7-4668-BE54-9A1E7A4F7556}") = "FooBooLooGameAPI", "FooBooLooGameAPI.csproj", "{C43B535A-6F2C-4384-B0D1-6686F612E2E6}"
EndProject
Global
	GlobalSection(SolutionConfigurationPlatforms) = preSolution
		Debug|Any CPU = Debug|Any CPU
		Release|Any CPU = Release|Any CPU
	EndGlobalSection
	GlobalSection(ProjectConfigurationPlatforms) = postSolution
		{C43B535A-6F2C-4384-B0D1-6686F612E2E6}.Debug|Any CPU.ActiveCfg = Debug|Any CPU
		{C43B535A-6F2C-4384-B0D1-6686F612E2E6}.Debug|Any CPU.Build.0 = Debug|Any CPU
		{C43B535A-6F2C-4384-B0D1-6686F612E2E6}.Release|Any CPU.ActiveCfg = Release|Any CPU
		{C43B535A-6F2C-4384-B0D1-6686F612E2E6}.Release|Any CPU.Build.0 = Release|Any CPU
	EndGlobalSection
	GlobalSection(SolutionProperties) = preSolution
		HideSolutionNode = FALSE
	EndGlobalSection
	GlobalSection(ExtensibilityGlobals) = postSolution
		SolutionGuid = {E33DC9D6-2FD8-45EE-B761-A8C6457AD953}
	EndGlobalSection
EndGlobal
