
Microsoft Visual Studio Solution File, Format Version 12.00
# Visual Studio Version 17
VisualStudioVersion = 17.0.31903.59
MinimumVisualStudioVersion = 10.0.40219.1
Project("{9A19103F-16F7-4668-BE54-9A1E7A4F7556}") = "FooBooLooGameAPI", "FooBooLooGameAPI\FooBooLooGameAPI.csproj", "{2E8ABDF6-4752-483E-96F4-BBCBC57595BA}"
EndProject
Project("{9A19103F-16F7-4668-BE54-9A1E7A4F7556}") = "FooBooLooGameAPI.Tests", "FooBooLooGameAPI.Tests\FooBooLooGameAPI.Tests.csproj", "{67D8CB80-76D2-41AD-B4F2-C70942EA5201}"
EndProject
Global
	GlobalSection(SolutionConfigurationPlatforms) = preSolution
		Debug|Any CPU = Debug|Any CPU
		Release|Any CPU = Release|Any CPU
	EndGlobalSection
	GlobalSection(ProjectConfigurationPlatforms) = postSolution
		{2E8ABDF6-4752-483E-96F4-BBCBC57595BA}.Debug|Any CPU.ActiveCfg = Debug|Any CPU
		{2E8ABDF6-4752-483E-96F4-BBCBC57595BA}.Debug|Any CPU.Build.0 = Debug|Any CPU
		{2E8ABDF6-4752-483E-96F4-BBCBC57595BA}.Release|Any CPU.ActiveCfg = Release|Any CPU
		{2E8ABDF6-4752-483E-96F4-BBCBC57595BA}.Release|Any CPU.Build.0 = Release|Any CPU
		{67D8CB80-76D2-41AD-B4F2-C70942EA5201}.Debug|Any CPU.ActiveCfg = Debug|Any CPU
		{67D8CB80-76D2-41AD-B4F2-C70942EA5201}.Debug|Any CPU.Build.0 = Debug|Any CPU
		{67D8CB80-76D2-41AD-B4F2-C70942EA5201}.Release|Any CPU.ActiveCfg = Release|Any CPU
		{67D8CB80-76D2-41AD-B4F2-C70942EA5201}.Release|Any CPU.Build.0 = Release|Any CPU
	EndGlobalSection
	GlobalSection(SolutionProperties) = preSolution
		HideSolutionNode = FALSE
	EndGlobalSection
	GlobalSection(ExtensibilityGlobals) = postSolution
		SolutionGuid = {BD6320EB-6F10-4BA8-BD9E-504F5A3FE984}
	EndGlobalSection
EndGlobal
